# This file is automatically @generated by Cargo.
# It is not intended for manual editing.
version = 4

[[package]]
name = "gemma4d-adapters"
version = "0.1.0"

[[package]]
name = "gemma4d-bench"
version = "0.1.0"

[[package]]
name = "gemma4d-cache"
version = "0.1.0"

[[package]]
name = "gemma4d-chat"
version = "0.1.0"

[[package]]
name = "gemma4d-engine"
version = "0.1.0"

[[package]]
name = "gemma4d-ffi"
version = "0.1.0"

[[package]]
name = "gemma4d-kv"
version = "0.1.0"

[[package]]
name = "gemma4d-llama-baseline"
version = "0.1.0"

[[package]]
name = "gemma4d-router"
version = "0.1.0"

[[package]]
name = "gemma4d-sampler"
version = "0.1.0"

[[package]]
name = "gemma4d-server"
version = "0.1.0"

[[package]]
name = "gemma4d-tokenizer"
version = "0.1.0"

[[package]]
name = "gemma4d-tui"
version = "0.1.0"
